
Microsoft Visual Studio Solution File, Format Version 12.00
# Visual Studio 15
VisualStudioVersion = 15.0.27004.2005
MinimumVisualStudioVersion = 10.0.40219.1
Project("{FAE04EC0-301F-11D3-BF4B-00C04F79EFBC}") = "HeQuanTri", "HeQuanTri\HeQuanTri.csproj", "{08F9B686-BF1B-4EAF-9E2D-B6B333F67A0C}"
EndProject
Global
	GlobalSection(SolutionConfigurationPlatforms) = preSolution
		Debug|Any CPU = Debug|Any CPU
		Release|Any CPU = Release|Any CPU
	EndGlobalSection
	GlobalSection(ProjectConfigurationPlatforms) = postSolution
		{08F9B686-BF1B-4EAF-9E2D-B6B333F67A0C}.Debug|Any CPU.ActiveCfg = Debug|Any CPU
		{08F9B686-BF1B-4EAF-9E2D-B6B333F67A0C}.Debug|Any CPU.Build.0 = Debug|Any CPU
		{08F9B686-BF1B-4EAF-9E2D-B6B333F67A0C}.Release|Any CPU.ActiveCfg = Release|Any CPU
		{08F9B686-BF1B-4EAF-9E2D-B6B333F67A0C}.Release|Any CPU.Build.0 = Release|Any CPU
	EndGlobalSection
	GlobalSection(SolutionProperties) = preSolution
		HideSolutionNode = FALSE
	EndGlobalSection
	GlobalSection(ExtensibilityGlobals) = postSolution
		SolutionGuid = {8796D675-CCA2-4796-BBCE-97351AF2E230}
	EndGlobalSection
EndGlobal
